// !$*UTF8*$!
{
	archiveVersion = 1;
	classes = {
	};
	objectVersion = 56;
	objects = {

/* Begin PBXBuildFile section */
		3A05B8CD2B7A7F3C00C9CB8A /* AppDelegate.swift in Sources */ = {isa = PBXBuildFile; fileRef = 3A05B8CC2B7A7F3C00C9CB8A /* AppDelegate.swift */; };
		3A05B8CF2B7A7F3C00C9CB8A /* SceneDelegate.swift in Sources */ = {isa = PBXBuildFile; fileRef = 3A05B8CE2B7A7F3C00C9CB8A /* SceneDelegate.swift */; };
		3A05B8D12B7A7F3C00C9CB8A /* OnboardingView.swift in Sources */ = {isa = PBXBuildFile; fileRef = 3A05B8D02B7A7F3C00C9CB8A /* OnboardingView.swift */; };
		3A05B8D62B7A7F3D00C9CB8A /* Assets.xcassets in Resources */ = {isa = PBXBuildFile; fileRef = 3A05B8D52B7A7F3D00C9CB8A /* Assets.xcassets */; };
		3A05B8D92B7A7F3D00C9CB8A /* LaunchScreen.storyboard in Resources */ = {isa = PBXBuildFile; fileRef = 3A05B8D72B7A7F3D00C9CB8A /* LaunchScreen.storyboard */; };
		3A1E2F812B82A63500BAF3EF /* ExampleViewControllerT.swift in Sources */ = {isa = PBXBuildFile; fileRef = 3A1E2F802B82A63500BAF3EF /* ExampleViewControllerT.swift */; };
		3A1E2F832B834E1600BAF3EF /* MainView.swift in Sources */ = {isa = PBXBuildFile; fileRef = 3A1E2F822B834E1600BAF3EF /* MainView.swift */; };
		3A1E2F862B83915600BAF3EF /* HeaderView.swift in Sources */ = {isa = PBXBuildFile; fileRef = 3A1E2F852B83915600BAF3EF /* HeaderView.swift */; };
		3A1E2F882B839A4200BAF3EF /* 2ExampleDetailViewControllerT.swift in Sources */ = {isa = PBXBuildFile; fileRef = 3A1E2F872B839A4200BAF3EF /* 2ExampleDetailViewControllerT.swift */; };
		3A1E2F8A2B839C1600BAF3EF /* DetailInfoTopCollectionCellT.swift in Sources */ = {isa = PBXBuildFile; fileRef = 3A1E2F892B839C1600BAF3EF /* DetailInfoTopCollectionCellT.swift */; };
		3A24B9DA2B7CA6CD0031687A /* MainViewT.swift in Sources */ = {isa = PBXBuildFile; fileRef = 3A24B9D92B7CA6CD0031687A /* MainViewT.swift */; };
		3A24B9DD2B7CB2A90031687A /* TourCategoriesCollectionViewCell.swift in Sources */ = {isa = PBXBuildFile; fileRef = 3A24B9DC2B7CB2A90031687A /* TourCategoriesCollectionViewCell.swift */; };
		3A24B9DF2B7CB47A0031687A /* MockFiles.swift in Sources */ = {isa = PBXBuildFile; fileRef = 3A24B9DE2B7CB47A0031687A /* MockFiles.swift */; };
		3A377B072B7BD6BB00388D42 /* OnboardingViewModel.swift in Sources */ = {isa = PBXBuildFile; fileRef = 3A377B062B7BD6BB00388D42 /* OnboardingViewModel.swift */; };
		3A377B0F2B7BDF7A00388D42 /* UIColor.swift in Sources */ = {isa = PBXBuildFile; fileRef = 3A377B0E2B7BDF7A00388D42 /* UIColor.swift */; };
		3A377B262B7BE4ED00388D42 /* SF-Pro-Display-RegularItalic.otf in Resources */ = {isa = PBXBuildFile; fileRef = 3A377B142B7BE4EC00388D42 /* SF-Pro-Display-RegularItalic.otf */; };
		3A377B272B7BE4ED00388D42 /* SF-Pro-Display-HeavyItalic.otf in Resources */ = {isa = PBXBuildFile; fileRef = 3A377B152B7BE4EC00388D42 /* SF-Pro-Display-HeavyItalic.otf */; };
		3A377B282B7BE4ED00388D42 /* SF-Pro-Display-Thin.otf in Resources */ = {isa = PBXBuildFile; fileRef = 3A377B162B7BE4EC00388D42 /* SF-Pro-Display-Thin.otf */; };
		3A377B292B7BE4ED00388D42 /* SF-Pro-Display-Bold.otf in Resources */ = {isa = PBXBuildFile; fileRef = 3A377B172B7BE4EC00388D42 /* SF-Pro-Display-Bold.otf */; };
		3A377B2A2B7BE4ED00388D42 /* SF-Pro-Display-BlackItalic.otf in Resources */ = {isa = PBXBuildFile; fileRef = 3A377B182B7BE4EC00388D42 /* SF-Pro-Display-BlackItalic.otf */; };
		3A377B2B2B7BE4ED00388D42 /* SF-Pro-Display-SemiboldItalic.otf in Resources */ = {isa = PBXBuildFile; fileRef = 3A377B192B7BE4EC00388D42 /* SF-Pro-Display-SemiboldItalic.otf */; };
		3A377B2C2B7BE4ED00388D42 /* SF-Pro-Display-Regular.otf in Resources */ = {isa = PBXBuildFile; fileRef = 3A377B1A2B7BE4EC00388D42 /* SF-Pro-Display-Regular.otf */; };
		3A377B2D2B7BE4ED00388D42 /* SF-Pro-Display-Black.otf in Resources */ = {isa = PBXBuildFile; fileRef = 3A377B1B2B7BE4EC00388D42 /* SF-Pro-Display-Black.otf */; };
		3A377B2E2B7BE4ED00388D42 /* SF-Pro-Display-Medium.otf in Resources */ = {isa = PBXBuildFile; fileRef = 3A377B1C2B7BE4EC00388D42 /* SF-Pro-Display-Medium.otf */; };
		3A377B2F2B7BE4ED00388D42 /* SF-Pro-Display-LightItalic.otf in Resources */ = {isa = PBXBuildFile; fileRef = 3A377B1D2B7BE4EC00388D42 /* SF-Pro-Display-LightItalic.otf */; };
		3A377B302B7BE4ED00388D42 /* SF-Pro-Display-Semibold.otf in Resources */ = {isa = PBXBuildFile; fileRef = 3A377B1E2B7BE4EC00388D42 /* SF-Pro-Display-Semibold.otf */; };
		3A377B312B7BE4ED00388D42 /* SF-Pro-Display-ThinItalic.otf in Resources */ = {isa = PBXBuildFile; fileRef = 3A377B1F2B7BE4EC00388D42 /* SF-Pro-Display-ThinItalic.otf */; };
		3A377B322B7BE4ED00388D42 /* SF-Pro-Display-Light.otf in Resources */ = {isa = PBXBuildFile; fileRef = 3A377B202B7BE4EC00388D42 /* SF-Pro-Display-Light.otf */; };
		3A377B332B7BE4ED00388D42 /* SF-Pro-Display-MediumItalic.otf in Resources */ = {isa = PBXBuildFile; fileRef = 3A377B212B7BE4EC00388D42 /* SF-Pro-Display-MediumItalic.otf */; };
		3A377B342B7BE4ED00388D42 /* SF-Pro-Display-BoldItalic.otf in Resources */ = {isa = PBXBuildFile; fileRef = 3A377B222B7BE4EC00388D42 /* SF-Pro-Display-BoldItalic.otf */; };
		3A377B352B7BE4ED00388D42 /* SF-Pro-Display-UltralightItalic.otf in Resources */ = {isa = PBXBuildFile; fileRef = 3A377B232B7BE4ED00388D42 /* SF-Pro-Display-UltralightItalic.otf */; };
		3A377B362B7BE4ED00388D42 /* SF-Pro-Display-Ultralight.otf in Resources */ = {isa = PBXBuildFile; fileRef = 3A377B242B7BE4ED00388D42 /* SF-Pro-Display-Ultralight.otf */; };
		3A377B372B7BE4ED00388D42 /* SF-Pro-Display-Heavy.otf in Resources */ = {isa = PBXBuildFile; fileRef = 3A377B252B7BE4ED00388D42 /* SF-Pro-Display-Heavy.otf */; };
		3A377B3B2B7BF20100388D42 /* networkService.swift in Sources */ = {isa = PBXBuildFile; fileRef = 3A377B3A2B7BF20100388D42 /* networkService.swift */; };
		3A50B9772B84E9300046BF68 /* BookView.swift in Sources */ = {isa = PBXBuildFile; fileRef = 3A50B9762B84E9300046BF68 /* BookView.swift */; };
		3A50B9792B84E93C0046BF68 /* BookViewModel.swift in Sources */ = {isa = PBXBuildFile; fileRef = 3A50B9782B84E93C0046BF68 /* BookViewModel.swift */; };
		3A50B97B2B84E9970046BF68 /* Tour.swift in Sources */ = {isa = PBXBuildFile; fileRef = 3A50B97A2B84E9970046BF68 /* Tour.swift */; };
		3A6C59962B7E7BB4009C4C38 /* MainViewModel.swift in Sources */ = {isa = PBXBuildFile; fileRef = 3A6C59952B7E7BB4009C4C38 /* MainViewModel.swift */; };
		3A6C59982B7E7CC5009C4C38 /* GaleryCollectionViewCell.swift in Sources */ = {isa = PBXBuildFile; fileRef = 3A6C59972B7E7CC5009C4C38 /* GaleryCollectionViewCell.swift */; };
		3A7C1CBE2B83D16400E70D1E /* DetailInfoBottomCollectionCellT.swift in Sources */ = {isa = PBXBuildFile; fileRef = 3A7C1CBD2B83D16400E70D1E /* DetailInfoBottomCollectionCellT.swift */; };
		3AB2E1C02B8107FA000540BF /* DetailInfoViewT.swift in Sources */ = {isa = PBXBuildFile; fileRef = 3AB2E1BF2B8107FA000540BF /* DetailInfoViewT.swift */; };
		3AB2E1C22B81080D000540BF /* TourDetailViewModel.swift in Sources */ = {isa = PBXBuildFile; fileRef = 3AB2E1C12B81080D000540BF /* TourDetailViewModel.swift */; };
		3ABC131C2B849F8C007DED14 /* TourDetailsView.swift in Sources */ = {isa = PBXBuildFile; fileRef = 3ABC131B2B849F8C007DED14 /* TourDetailsView.swift */; };
		3ABC131E2B84A001007DED14 /* TourDetailsTopTableViewCell.swift in Sources */ = {isa = PBXBuildFile; fileRef = 3ABC131D2B84A001007DED14 /* TourDetailsTopTableViewCell.swift */; };
		3ABC13202B84A00D007DED14 /* TourDetailsBottomCollectionCell.swift in Sources */ = {isa = PBXBuildFile; fileRef = 3ABC131F2B84A00D007DED14 /* TourDetailsBottomCollectionCell.swift */; };
		3ABC13222B84B29E007DED14 /* String.swift in Sources */ = {isa = PBXBuildFile; fileRef = 3ABC13212B84B29E007DED14 /* String.swift */; };
		3ABC13242B84B4D8007DED14 /* CommentsView.swift in Sources */ = {isa = PBXBuildFile; fileRef = 3ABC13232B84B4D8007DED14 /* CommentsView.swift */; };
		3AC7B6DF2B822EEC00786BD0 /* UILabel.swift in Sources */ = {isa = PBXBuildFile; fileRef = 3AC7B6DE2B822EEC00786BD0 /* UILabel.swift */; };
		3AEC94B52B7F97A900F104B5 /* CustomPageControlView.swift in Sources */ = {isa = PBXBuildFile; fileRef = 3AEC94B42B7F97A900F104B5 /* CustomPageControlView.swift */; };
/* End PBXBuildFile section */

/* Begin PBXFileReference section */
		3A05B8C92B7A7F3C00C9CB8A /* NeoTour.app */ = {isa = PBXFileReference; explicitFileType = wrapper.application; includeInIndex = 0; path = NeoTour.app; sourceTree = BUILT_PRODUCTS_DIR; };
		3A05B8CC2B7A7F3C00C9CB8A /* AppDelegate.swift */ = {isa = PBXFileReference; lastKnownFileType = sourcecode.swift; path = AppDelegate.swift; sourceTree = "<group>"; };
		3A05B8CE2B7A7F3C00C9CB8A /* SceneDelegate.swift */ = {isa = PBXFileReference; lastKnownFileType = sourcecode.swift; path = SceneDelegate.swift; sourceTree = "<group>"; };
		3A05B8D02B7A7F3C00C9CB8A /* OnboardingView.swift */ = {isa = PBXFileReference; lastKnownFileType = sourcecode.swift; path = OnboardingView.swift; sourceTree = "<group>"; };
		3A05B8D52B7A7F3D00C9CB8A /* Assets.xcassets */ = {isa = PBXFileReference; lastKnownFileType = folder.assetcatalog; path = Assets.xcassets; sourceTree = "<group>"; };
		3A05B8D82B7A7F3D00C9CB8A /* Base */ = {isa = PBXFileReference; lastKnownFileType = file.storyboard; name = Base; path = Base.lproj/LaunchScreen.storyboard; sourceTree = "<group>"; };
		3A05B8DA2B7A7F3D00C9CB8A /* Info.plist */ = {isa = PBXFileReference; lastKnownFileType = text.plist.xml; path = Info.plist; sourceTree = "<group>"; };
		3A1E2F802B82A63500BAF3EF /* ExampleViewControllerT.swift */ = {isa = PBXFileReference; lastKnownFileType = sourcecode.swift; path = ExampleViewControllerT.swift; sourceTree = "<group>"; };
		3A1E2F822B834E1600BAF3EF /* MainView.swift */ = {isa = PBXFileReference; lastKnownFileType = sourcecode.swift; path = MainView.swift; sourceTree = "<group>"; };
		3A1E2F852B83915600BAF3EF /* HeaderView.swift */ = {isa = PBXFileReference; lastKnownFileType = sourcecode.swift; path = HeaderView.swift; sourceTree = "<group>"; };
		3A1E2F872B839A4200BAF3EF /* 2ExampleDetailViewControllerT.swift */ = {isa = PBXFileReference; lastKnownFileType = sourcecode.swift; path = 2ExampleDetailViewControllerT.swift; sourceTree = "<group>"; };
		3A1E2F892B839C1600BAF3EF /* DetailInfoTopCollectionCellT.swift */ = {isa = PBXFileReference; lastKnownFileType = sourcecode.swift; path = DetailInfoTopCollectionCellT.swift; sourceTree = "<group>"; };
		3A24B9D92B7CA6CD0031687A /* MainViewT.swift */ = {isa = PBXFileReference; lastKnownFileType = sourcecode.swift; path = MainViewT.swift; sourceTree = "<group>"; };
		3A24B9DC2B7CB2A90031687A /* TourCategoriesCollectionViewCell.swift */ = {isa = PBXFileReference; lastKnownFileType = sourcecode.swift; path = TourCategoriesCollectionViewCell.swift; sourceTree = "<group>"; };
		3A24B9DE2B7CB47A0031687A /* MockFiles.swift */ = {isa = PBXFileReference; lastKnownFileType = sourcecode.swift; path = MockFiles.swift; sourceTree = "<group>"; };
		3A377B062B7BD6BB00388D42 /* OnboardingViewModel.swift */ = {isa = PBXFileReference; lastKnownFileType = sourcecode.swift; path = OnboardingViewModel.swift; sourceTree = "<group>"; };
		3A377B0E2B7BDF7A00388D42 /* UIColor.swift */ = {isa = PBXFileReference; lastKnownFileType = sourcecode.swift; path = UIColor.swift; sourceTree = "<group>"; };
		3A377B142B7BE4EC00388D42 /* SF-Pro-Display-RegularItalic.otf */ = {isa = PBXFileReference; lastKnownFileType = file; path = "SF-Pro-Display-RegularItalic.otf"; sourceTree = "<group>"; };
		3A377B152B7BE4EC00388D42 /* SF-Pro-Display-HeavyItalic.otf */ = {isa = PBXFileReference; lastKnownFileType = file; path = "SF-Pro-Display-HeavyItalic.otf"; sourceTree = "<group>"; };
		3A377B162B7BE4EC00388D42 /* SF-Pro-Display-Thin.otf */ = {isa = PBXFileReference; lastKnownFileType = file; path = "SF-Pro-Display-Thin.otf"; sourceTree = "<group>"; };
		3A377B172B7BE4EC00388D42 /* SF-Pro-Display-Bold.otf */ = {isa = PBXFileReference; lastKnownFileType = file; path = "SF-Pro-Display-Bold.otf"; sourceTree = "<group>"; };
		3A377B182B7BE4EC00388D42 /* SF-Pro-Display-BlackItalic.otf */ = {isa = PBXFileReference; lastKnownFileType = file; path = "SF-Pro-Display-BlackItalic.otf"; sourceTree = "<group>"; };
		3A377B192B7BE4EC00388D42 /* SF-Pro-Display-SemiboldItalic.otf */ = {isa = PBXFileReference; lastKnownFileType = file; path = "SF-Pro-Display-SemiboldItalic.otf"; sourceTree = "<group>"; };
		3A377B1A2B7BE4EC00388D42 /* SF-Pro-Display-Regular.otf */ = {isa = PBXFileReference; lastKnownFileType = file; path = "SF-Pro-Display-Regular.otf"; sourceTree = "<group>"; };
		3A377B1B2B7BE4EC00388D42 /* SF-Pro-Display-Black.otf */ = {isa = PBXFileReference; lastKnownFileType = file; path = "SF-Pro-Display-Black.otf"; sourceTree = "<group>"; };
		3A377B1C2B7BE4EC00388D42 /* SF-Pro-Display-Medium.otf */ = {isa = PBXFileReference; lastKnownFileType = file; path = "SF-Pro-Display-Medium.otf"; sourceTree = "<group>"; };
		3A377B1D2B7BE4EC00388D42 /* SF-Pro-Display-LightItalic.otf */ = {isa = PBXFileReference; lastKnownFileType = file; path = "SF-Pro-Display-LightItalic.otf"; sourceTree = "<group>"; };
		3A377B1E2B7BE4EC00388D42 /* SF-Pro-Display-Semibold.otf */ = {isa = PBXFileReference; lastKnownFileType = file; path = "SF-Pro-Display-Semibold.otf"; sourceTree = "<group>"; };
		3A377B1F2B7BE4EC00388D42 /* SF-Pro-Display-ThinItalic.otf */ = {isa = PBXFileReference; lastKnownFileType = file; path = "SF-Pro-Display-ThinItalic.otf"; sourceTree = "<group>"; };
		3A377B202B7BE4EC00388D42 /* SF-Pro-Display-Light.otf */ = {isa = PBXFileReference; lastKnownFileType = file; path = "SF-Pro-Display-Light.otf"; sourceTree = "<group>"; };
		3A377B212B7BE4EC00388D42 /* SF-Pro-Display-MediumItalic.otf */ = {isa = PBXFileReference; lastKnownFileType = file; path = "SF-Pro-Display-MediumItalic.otf"; sourceTree = "<group>"; };
		3A377B222B7BE4EC00388D42 /* SF-Pro-Display-BoldItalic.otf */ = {isa = PBXFileReference; lastKnownFileType = file; path = "SF-Pro-Display-BoldItalic.otf"; sourceTree = "<group>"; };
		3A377B232B7BE4ED00388D42 /* SF-Pro-Display-UltralightItalic.otf */ = {isa = PBXFileReference; lastKnownFileType = file; path = "SF-Pro-Display-UltralightItalic.otf"; sourceTree = "<group>"; };
		3A377B242B7BE4ED00388D42 /* SF-Pro-Display-Ultralight.otf */ = {isa = PBXFileReference; lastKnownFileType = file; path = "SF-Pro-Display-Ultralight.otf"; sourceTree = "<group>"; };
		3A377B252B7BE4ED00388D42 /* SF-Pro-Display-Heavy.otf */ = {isa = PBXFileReference; lastKnownFileType = file; path = "SF-Pro-Display-Heavy.otf"; sourceTree = "<group>"; };
		3A377B3A2B7BF20100388D42 /* networkService.swift */ = {isa = PBXFileReference; lastKnownFileType = sourcecode.swift; path = networkService.swift; sourceTree = "<group>"; };
		3A50B9762B84E9300046BF68 /* BookView.swift */ = {isa = PBXFileReference; lastKnownFileType = sourcecode.swift; path = BookView.swift; sourceTree = "<group>"; };
		3A50B9782B84E93C0046BF68 /* BookViewModel.swift */ = {isa = PBXFileReference; lastKnownFileType = sourcecode.swift; path = BookViewModel.swift; sourceTree = "<group>"; };
		3A50B97A2B84E9970046BF68 /* Tour.swift */ = {isa = PBXFileReference; lastKnownFileType = sourcecode.swift; path = Tour.swift; sourceTree = "<group>"; };
		3A6C59952B7E7BB4009C4C38 /* MainViewModel.swift */ = {isa = PBXFileReference; lastKnownFileType = sourcecode.swift; path = MainViewModel.swift; sourceTree = "<group>"; };
		3A6C59972B7E7CC5009C4C38 /* GaleryCollectionViewCell.swift */ = {isa = PBXFileReference; lastKnownFileType = sourcecode.swift; path = GaleryCollectionViewCell.swift; sourceTree = "<group>"; };
		3A7C1CBD2B83D16400E70D1E /* DetailInfoBottomCollectionCellT.swift */ = {isa = PBXFileReference; lastKnownFileType = sourcecode.swift; path = DetailInfoBottomCollectionCellT.swift; sourceTree = "<group>"; };
		3AB2E1BF2B8107FA000540BF /* DetailInfoViewT.swift */ = {isa = PBXFileReference; lastKnownFileType = sourcecode.swift; path = DetailInfoViewT.swift; sourceTree = "<group>"; };
		3AB2E1C12B81080D000540BF /* TourDetailViewModel.swift */ = {isa = PBXFileReference; lastKnownFileType = sourcecode.swift; path = TourDetailViewModel.swift; sourceTree = "<group>"; };
		3ABC131B2B849F8C007DED14 /* TourDetailsView.swift */ = {isa = PBXFileReference; lastKnownFileType = sourcecode.swift; path = TourDetailsView.swift; sourceTree = "<group>"; };
		3ABC131D2B84A001007DED14 /* TourDetailsTopTableViewCell.swift */ = {isa = PBXFileReference; lastKnownFileType = sourcecode.swift; path = TourDetailsTopTableViewCell.swift; sourceTree = "<group>"; };
		3ABC131F2B84A00D007DED14 /* TourDetailsBottomCollectionCell.swift */ = {isa = PBXFileReference; lastKnownFileType = sourcecode.swift; path = TourDetailsBottomCollectionCell.swift; sourceTree = "<group>"; };
		3ABC13212B84B29E007DED14 /* String.swift */ = {isa = PBXFileReference; lastKnownFileType = sourcecode.swift; path = String.swift; sourceTree = "<group>"; };
		3ABC13232B84B4D8007DED14 /* CommentsView.swift */ = {isa = PBXFileReference; lastKnownFileType = sourcecode.swift; path = CommentsView.swift; sourceTree = "<group>"; };
		3AC7B6DE2B822EEC00786BD0 /* UILabel.swift */ = {isa = PBXFileReference; lastKnownFileType = sourcecode.swift; path = UILabel.swift; sourceTree = "<group>"; };
		3AEC94B42B7F97A900F104B5 /* CustomPageControlView.swift */ = {isa = PBXFileReference; lastKnownFileType = sourcecode.swift; path = CustomPageControlView.swift; sourceTree = "<group>"; };
/* End PBXFileReference section */

/* Begin PBXFrameworksBuildPhase section */
		3A05B8C62B7A7F3C00C9CB8A /* Frameworks */ = {
			isa = PBXFrameworksBuildPhase;
			buildActionMask = 2147483647;
			files = (
			);
			runOnlyForDeploymentPostprocessing = 0;
		};
/* End PBXFrameworksBuildPhase section */

/* Begin PBXGroup section */
		3A05B8C02B7A7F3C00C9CB8A = {
			isa = PBXGroup;
			children = (
				3A05B8CB2B7A7F3C00C9CB8A /* NeoTour */,
				3A05B8CA2B7A7F3C00C9CB8A /* Products */,
			);
			sourceTree = "<group>";
		};
		3A05B8CA2B7A7F3C00C9CB8A /* Products */ = {
			isa = PBXGroup;
			children = (
				3A05B8C92B7A7F3C00C9CB8A /* NeoTour.app */,
			);
			name = Products;
			sourceTree = "<group>";
		};
		3A05B8CB2B7A7F3C00C9CB8A /* NeoTour */ = {
			isa = PBXGroup;
			children = (
				3ABC13252B84E50C007DED14 /* Trash */,
				3A1E2F842B83914500BAF3EF /* SharedView */,
				3A24B9DB2B7CB2010031687A /* CollectionViewCell */,
				3A377B0A2B7BD6E700388D42 /* App */,
				3A377B082B7BD6CA00388D42 /* View */,
				3A377B092B7BD6D300388D42 /* ViewModel */,
				3A377B0D2B7BDA3B00388D42 /* Model */,
				3A05B8D52B7A7F3D00C9CB8A /* Assets.xcassets */,
				3A05B8D72B7A7F3D00C9CB8A /* LaunchScreen.storyboard */,
				3A377B112B7BE47E00388D42 /* Resources */,
				3A377B392B7BF1C300388D42 /* NetworkLayer */,
				3A377B102B7BDF8700388D42 /* Extension */,
			);
			path = NeoTour;
			sourceTree = "<group>";
		};
		3A1E2F842B83914500BAF3EF /* SharedView */ = {
			isa = PBXGroup;
			children = (
				3AEC94B42B7F97A900F104B5 /* CustomPageControlView.swift */,
				3A1E2F852B83915600BAF3EF /* HeaderView.swift */,
				3ABC13232B84B4D8007DED14 /* CommentsView.swift */,
			);
			path = SharedView;
			sourceTree = "<group>";
		};
		3A24B9DB2B7CB2010031687A /* CollectionViewCell */ = {
			isa = PBXGroup;
			children = (
				3A24B9DC2B7CB2A90031687A /* TourCategoriesCollectionViewCell.swift */,
				3A6C59972B7E7CC5009C4C38 /* GaleryCollectionViewCell.swift */,
				3ABC131D2B84A001007DED14 /* TourDetailsTopTableViewCell.swift */,
				3ABC131F2B84A00D007DED14 /* TourDetailsBottomCollectionCell.swift */,
			);
			path = CollectionViewCell;
			sourceTree = "<group>";
		};
		3A377B082B7BD6CA00388D42 /* View */ = {
			isa = PBXGroup;
			children = (
				3A05B8D02B7A7F3C00C9CB8A /* OnboardingView.swift */,
				3A1E2F822B834E1600BAF3EF /* MainView.swift */,
				3ABC131B2B849F8C007DED14 /* TourDetailsView.swift */,
				3A50B9762B84E9300046BF68 /* BookView.swift */,
			);
			path = View;
			sourceTree = "<group>";
		};
		3A377B092B7BD6D300388D42 /* ViewModel */ = {
			isa = PBXGroup;
			children = (
				3A377B062B7BD6BB00388D42 /* OnboardingViewModel.swift */,
				3A6C59952B7E7BB4009C4C38 /* MainViewModel.swift */,
				3AB2E1C12B81080D000540BF /* TourDetailViewModel.swift */,
				3A50B9782B84E93C0046BF68 /* BookViewModel.swift */,
			);
			path = ViewModel;
			sourceTree = "<group>";
		};
		3A377B0A2B7BD6E700388D42 /* App */ = {
			isa = PBXGroup;
			children = (
				3A05B8DA2B7A7F3D00C9CB8A /* Info.plist */,
				3A05B8CC2B7A7F3C00C9CB8A /* AppDelegate.swift */,
				3A05B8CE2B7A7F3C00C9CB8A /* SceneDelegate.swift */,
			);
			path = App;
			sourceTree = "<group>";
		};
		3A377B0D2B7BDA3B00388D42 /* Model */ = {
			isa = PBXGroup;
			children = (
				3A50B97A2B84E9970046BF68 /* Tour.swift */,
			);
			path = Model;
			sourceTree = "<group>";
		};
		3A377B102B7BDF8700388D42 /* Extension */ = {
			isa = PBXGroup;
			children = (
				3A377B0E2B7BDF7A00388D42 /* UIColor.swift */,
				3AC7B6DE2B822EEC00786BD0 /* UILabel.swift */,
				3ABC13212B84B29E007DED14 /* String.swift */,
			);
			path = Extension;
			sourceTree = "<group>";
		};
		3A377B112B7BE47E00388D42 /* Resources */ = {
			isa = PBXGroup;
			children = (
				3A24B9DE2B7CB47A0031687A /* MockFiles.swift */,
				3A377B382B7BE4F100388D42 /* Fonts */,
			);
			path = Resources;
			sourceTree = "<group>";
		};
		3A377B382B7BE4F100388D42 /* Fonts */ = {
			isa = PBXGroup;
			children = (
				3A377B1B2B7BE4EC00388D42 /* SF-Pro-Display-Black.otf */,
				3A377B182B7BE4EC00388D42 /* SF-Pro-Display-BlackItalic.otf */,
				3A377B172B7BE4EC00388D42 /* SF-Pro-Display-Bold.otf */,
				3A377B222B7BE4EC00388D42 /* SF-Pro-Display-BoldItalic.otf */,
				3A377B252B7BE4ED00388D42 /* SF-Pro-Display-Heavy.otf */,
				3A377B152B7BE4EC00388D42 /* SF-Pro-Display-HeavyItalic.otf */,
				3A377B202B7BE4EC00388D42 /* SF-Pro-Display-Light.otf */,
				3A377B1D2B7BE4EC00388D42 /* SF-Pro-Display-LightItalic.otf */,
				3A377B1C2B7BE4EC00388D42 /* SF-Pro-Display-Medium.otf */,
				3A377B212B7BE4EC00388D42 /* SF-Pro-Display-MediumItalic.otf */,
				3A377B1A2B7BE4EC00388D42 /* SF-Pro-Display-Regular.otf */,
				3A377B142B7BE4EC00388D42 /* SF-Pro-Display-RegularItalic.otf */,
				3A377B1E2B7BE4EC00388D42 /* SF-Pro-Display-Semibold.otf */,
				3A377B192B7BE4EC00388D42 /* SF-Pro-Display-SemiboldItalic.otf */,
				3A377B162B7BE4EC00388D42 /* SF-Pro-Display-Thin.otf */,
				3A377B1F2B7BE4EC00388D42 /* SF-Pro-Display-ThinItalic.otf */,
				3A377B242B7BE4ED00388D42 /* SF-Pro-Display-Ultralight.otf */,
				3A377B232B7BE4ED00388D42 /* SF-Pro-Display-UltralightItalic.otf */,
			);
			path = Fonts;
			sourceTree = "<group>";
		};
		3A377B392B7BF1C300388D42 /* NetworkLayer */ = {
			isa = PBXGroup;
			children = (
				3A377B3A2B7BF20100388D42 /* networkService.swift */,
			);
			path = NetworkLayer;
			sourceTree = "<group>";
		};
		3ABC13252B84E50C007DED14 /* Trash */ = {
			isa = PBXGroup;
			children = (
				3A24B9D92B7CA6CD0031687A /* MainViewT.swift */,
				3AB2E1BF2B8107FA000540BF /* DetailInfoViewT.swift */,
				3A7C1CBD2B83D16400E70D1E /* DetailInfoBottomCollectionCellT.swift */,
				3A1E2F892B839C1600BAF3EF /* DetailInfoTopCollectionCellT.swift */,
				3A1E2F802B82A63500BAF3EF /* ExampleViewControllerT.swift */,
				3A1E2F872B839A4200BAF3EF /* 2ExampleDetailViewControllerT.swift */,
			);
			path = Trash;
			sourceTree = "<group>";
		};
/* End PBXGroup section */

/* Begin PBXNativeTarget section */
		3A05B8C82B7A7F3C00C9CB8A /* NeoTour */ = {
			isa = PBXNativeTarget;
			buildConfigurationList = 3A05B8DD2B7A7F3D00C9CB8A /* Build configuration list for PBXNativeTarget "NeoTour" */;
			buildPhases = (
				3A05B8C52B7A7F3C00C9CB8A /* Sources */,
				3A05B8C62B7A7F3C00C9CB8A /* Frameworks */,
				3A05B8C72B7A7F3C00C9CB8A /* Resources */,
			);
			buildRules = (
			);
			dependencies = (
			);
			name = NeoTour;
			productName = NeoTour;
			productReference = 3A05B8C92B7A7F3C00C9CB8A /* NeoTour.app */;
			productType = "com.apple.product-type.application";
		};
/* End PBXNativeTarget section */

/* Begin PBXProject section */
		3A05B8C12B7A7F3C00C9CB8A /* Project object */ = {
			isa = PBXProject;
			attributes = {
				BuildIndependentTargetsInParallel = 1;
				LastSwiftUpdateCheck = 1510;
				LastUpgradeCheck = 1510;
				TargetAttributes = {
					3A05B8C82B7A7F3C00C9CB8A = {
						CreatedOnToolsVersion = 15.1;
					};
				};
			};
			buildConfigurationList = 3A05B8C42B7A7F3C00C9CB8A /* Build configuration list for PBXProject "NeoTour" */;
			compatibilityVersion = "Xcode 14.0";
			developmentRegion = en;
			hasScannedForEncodings = 0;
			knownRegions = (
				en,
				Base,
			);
			mainGroup = 3A05B8C02B7A7F3C00C9CB8A;
			productRefGroup = 3A05B8CA2B7A7F3C00C9CB8A /* Products */;
			projectDirPath = "";
			projectRoot = "";
			targets = (
				3A05B8C82B7A7F3C00C9CB8A /* NeoTour */,
			);
		};
/* End PBXProject section */

/* Begin PBXResourcesBuildPhase section */
		3A05B8C72B7A7F3C00C9CB8A /* Resources */ = {
			isa = PBXResourcesBuildPhase;
			buildActionMask = 2147483647;
			files = (
				3A377B302B7BE4ED00388D42 /* SF-Pro-Display-Semibold.otf in Resources */,
				3A377B322B7BE4ED00388D42 /* SF-Pro-Display-Light.otf in Resources */,
				3A377B282B7BE4ED00388D42 /* SF-Pro-Display-Thin.otf in Resources */,
				3A377B352B7BE4ED00388D42 /* SF-Pro-Display-UltralightItalic.otf in Resources */,
				3A05B8D92B7A7F3D00C9CB8A /* LaunchScreen.storyboard in Resources */,
				3A377B342B7BE4ED00388D42 /* SF-Pro-Display-BoldItalic.otf in Resources */,
				3A377B362B7BE4ED00388D42 /* SF-Pro-Display-Ultralight.otf in Resources */,
				3A377B332B7BE4ED00388D42 /* SF-Pro-Display-MediumItalic.otf in Resources */,
				3A377B2F2B7BE4ED00388D42 /* SF-Pro-Display-LightItalic.otf in Resources */,
				3A377B2A2B7BE4ED00388D42 /* SF-Pro-Display-BlackItalic.otf in Resources */,
				3A377B292B7BE4ED00388D42 /* SF-Pro-Display-Bold.otf in Resources */,
				3A377B372B7BE4ED00388D42 /* SF-Pro-Display-Heavy.otf in Resources */,
				3A377B2B2B7BE4ED00388D42 /* SF-Pro-Display-SemiboldItalic.otf in Resources */,
				3A05B8D62B7A7F3D00C9CB8A /* Assets.xcassets in Resources */,
				3A377B2E2B7BE4ED00388D42 /* SF-Pro-Display-Medium.otf in Resources */,
				3A377B262B7BE4ED00388D42 /* SF-Pro-Display-RegularItalic.otf in Resources */,
				3A377B312B7BE4ED00388D42 /* SF-Pro-Display-ThinItalic.otf in Resources */,
				3A377B2D2B7BE4ED00388D42 /* SF-Pro-Display-Black.otf in Resources */,
				3A377B2C2B7BE4ED00388D42 /* SF-Pro-Display-Regular.otf in Resources */,
				3A377B272B7BE4ED00388D42 /* SF-Pro-Display-HeavyItalic.otf in Resources */,
			);
			runOnlyForDeploymentPostprocessing = 0;
		};
/* End PBXResourcesBuildPhase section */

/* Begin PBXSourcesBuildPhase section */
		3A05B8C52B7A7F3C00C9CB8A /* Sources */ = {
			isa = PBXSourcesBuildPhase;
			buildActionMask = 2147483647;
			files = (
				3A05B8D12B7A7F3C00C9CB8A /* OnboardingView.swift in Sources */,
				3A1E2F882B839A4200BAF3EF /* 2ExampleDetailViewControllerT.swift in Sources */,
				3ABC13242B84B4D8007DED14 /* CommentsView.swift in Sources */,
				3A24B9DA2B7CA6CD0031687A /* MainViewT.swift in Sources */,
				3A377B3B2B7BF20100388D42 /* networkService.swift in Sources */,
				3AB2E1C22B81080D000540BF /* TourDetailViewModel.swift in Sources */,
				3A6C59962B7E7BB4009C4C38 /* MainViewModel.swift in Sources */,
				3A50B97B2B84E9970046BF68 /* Tour.swift in Sources */,
				3A377B0F2B7BDF7A00388D42 /* UIColor.swift in Sources */,
				3A1E2F862B83915600BAF3EF /* HeaderView.swift in Sources */,
				3ABC13202B84A00D007DED14 /* TourDetailsBottomCollectionCell.swift in Sources */,
				3AC7B6DF2B822EEC00786BD0 /* UILabel.swift in Sources */,
				3A24B9DD2B7CB2A90031687A /* TourCategoriesCollectionViewCell.swift in Sources */,
				3A1E2F832B834E1600BAF3EF /* MainView.swift in Sources */,
				3AB2E1C02B8107FA000540BF /* DetailInfoViewT.swift in Sources */,
				3ABC13222B84B29E007DED14 /* String.swift in Sources */,
				3A05B8CD2B7A7F3C00C9CB8A /* AppDelegate.swift in Sources */,
				3A05B8CF2B7A7F3C00C9CB8A /* SceneDelegate.swift in Sources */,
				3ABC131E2B84A001007DED14 /* TourDetailsTopTableViewCell.swift in Sources */,
				3A50B9772B84E9300046BF68 /* BookView.swift in Sources */,
				3A6C59982B7E7CC5009C4C38 /* GaleryCollectionViewCell.swift in Sources */,
				3A1E2F812B82A63500BAF3EF /* ExampleViewControllerT.swift in Sources */,
				3A377B072B7BD6BB00388D42 /* OnboardingViewModel.swift in Sources */,
				3A24B9DF2B7CB47A0031687A /* MockFiles.swift in Sources */,
				3A50B9792B84E93C0046BF68 /* BookViewModel.swift in Sources */,
				3A7C1CBE2B83D16400E70D1E /* DetailInfoBottomCollectionCellT.swift in Sources */,
				3A1E2F8A2B839C1600BAF3EF /* DetailInfoTopCollectionCellT.swift in Sources */,
				3AEC94B52B7F97A900F104B5 /* CustomPageControlView.swift in Sources */,
				3ABC131C2B849F8C007DED14 /* TourDetailsView.swift in Sources */,
			);
			runOnlyForDeploymentPostprocessing = 0;
		};
/* End PBXSourcesBuildPhase section */

/* Begin PBXVariantGroup section */
		3A05B8D72B7A7F3D00C9CB8A /* LaunchScreen.storyboard */ = {
			isa = PBXVariantGroup;
			children = (
				3A05B8D82B7A7F3D00C9CB8A /* Base */,
			);
			name = LaunchScreen.storyboard;
			sourceTree = "<group>";
		};
/* End PBXVariantGroup section */

/* Begin XCBuildConfiguration section */
		3A05B8DB2B7A7F3D00C9CB8A /* Debug */ = {
			isa = XCBuildConfiguration;
			buildSettings = {
				ALWAYS_SEARCH_USER_PATHS = NO;
				ASSETCATALOG_COMPILER_GENERATE_SWIFT_ASSET_SYMBOL_EXTENSIONS = YES;
				CLANG_ANALYZER_NONNULL = YES;
				CLANG_ANALYZER_NUMBER_OBJECT_CONVERSION = YES_AGGRESSIVE;
				CLANG_CXX_LANGUAGE_STANDARD = "gnu++20";
				CLANG_ENABLE_MODULES = YES;
				CLANG_ENABLE_OBJC_ARC = YES;
				CLANG_ENABLE_OBJC_WEAK = YES;
				CLANG_WARN_BLOCK_CAPTURE_AUTORELEASING = YES;
				CLANG_WARN_BOOL_CONVERSION = YES;
				CLANG_WARN_COMMA = YES;
				CLANG_WARN_CONSTANT_CONVERSION = YES;
				CLANG_WARN_DEPRECATED_OBJC_IMPLEMENTATIONS = YES;
				CLANG_WARN_DIRECT_OBJC_ISA_USAGE = YES_ERROR;
				CLANG_WARN_DOCUMENTATION_COMMENTS = YES;
				CLANG_WARN_EMPTY_BODY = YES;
				CLANG_WARN_ENUM_CONVERSION = YES;
				CLANG_WARN_INFINITE_RECURSION = YES;
				CLANG_WARN_INT_CONVERSION = YES;
				CLANG_WARN_NON_LITERAL_NULL_CONVERSION = YES;
				CLANG_WARN_OBJC_IMPLICIT_RETAIN_SELF = YES;
				CLANG_WARN_OBJC_LITERAL_CONVERSION = YES;
				CLANG_WARN_OBJC_ROOT_CLASS = YES_ERROR;
				CLANG_WARN_QUOTED_INCLUDE_IN_FRAMEWORK_HEADER = YES;
				CLANG_WARN_RANGE_LOOP_ANALYSIS = YES;
				CLANG_WARN_STRICT_PROTOTYPES = YES;
				CLANG_WARN_SUSPICIOUS_MOVE = YES;
				CLANG_WARN_UNGUARDED_AVAILABILITY = YES_AGGRESSIVE;
				CLANG_WARN_UNREACHABLE_CODE = YES;
				CLANG_WARN__DUPLICATE_METHOD_MATCH = YES;
				COPY_PHASE_STRIP = NO;
				DEBUG_INFORMATION_FORMAT = dwarf;
				ENABLE_STRICT_OBJC_MSGSEND = YES;
				ENABLE_TESTABILITY = YES;
				ENABLE_USER_SCRIPT_SANDBOXING = YES;
				GCC_C_LANGUAGE_STANDARD = gnu17;
				GCC_DYNAMIC_NO_PIC = NO;
				GCC_NO_COMMON_BLOCKS = YES;
				GCC_OPTIMIZATION_LEVEL = 0;
				GCC_PREPROCESSOR_DEFINITIONS = (
					"DEBUG=1",
					"$(inherited)",
				);
				GCC_WARN_64_TO_32_BIT_CONVERSION = YES;
				GCC_WARN_ABOUT_RETURN_TYPE = YES_ERROR;
				GCC_WARN_UNDECLARED_SELECTOR = YES;
				GCC_WARN_UNINITIALIZED_AUTOS = YES_AGGRESSIVE;
				GCC_WARN_UNUSED_FUNCTION = YES;
				GCC_WARN_UNUSED_VARIABLE = YES;
				IPHONEOS_DEPLOYMENT_TARGET = 17.2;
				LOCALIZATION_PREFERS_STRING_CATALOGS = YES;
				MTL_ENABLE_DEBUG_INFO = INCLUDE_SOURCE;
				MTL_FAST_MATH = YES;
				ONLY_ACTIVE_ARCH = YES;
				SDKROOT = iphoneos;
				SWIFT_ACTIVE_COMPILATION_CONDITIONS = "DEBUG $(inherited)";
				SWIFT_OPTIMIZATION_LEVEL = "-Onone";
			};
			name = Debug;
		};
		3A05B8DC2B7A7F3D00C9CB8A /* Release */ = {
			isa = XCBuildConfiguration;
			buildSettings = {
				ALWAYS_SEARCH_USER_PATHS = NO;
				ASSETCATALOG_COMPILER_GENERATE_SWIFT_ASSET_SYMBOL_EXTENSIONS = YES;
				CLANG_ANALYZER_NONNULL = YES;
				CLANG_ANALYZER_NUMBER_OBJECT_CONVERSION = YES_AGGRESSIVE;
				CLANG_CXX_LANGUAGE_STANDARD = "gnu++20";
				CLANG_ENABLE_MODULES = YES;
				CLANG_ENABLE_OBJC_ARC = YES;
				CLANG_ENABLE_OBJC_WEAK = YES;
				CLANG_WARN_BLOCK_CAPTURE_AUTORELEASING = YES;
				CLANG_WARN_BOOL_CONVERSION = YES;
				CLANG_WARN_COMMA = YES;
				CLANG_WARN_CONSTANT_CONVERSION = YES;
				CLANG_WARN_DEPRECATED_OBJC_IMPLEMENTATIONS = YES;
				CLANG_WARN_DIRECT_OBJC_ISA_USAGE = YES_ERROR;
				CLANG_WARN_DOCUMENTATION_COMMENTS = YES;
				CLANG_WARN_EMPTY_BODY = YES;
				CLANG_WARN_ENUM_CONVERSION = YES;
				CLANG_WARN_INFINITE_RECURSION = YES;
				CLANG_WARN_INT_CONVERSION = YES;
				CLANG_WARN_NON_LITERAL_NULL_CONVERSION = YES;
				CLANG_WARN_OBJC_IMPLICIT_RETAIN_SELF = YES;
				CLANG_WARN_OBJC_LITERAL_CONVERSION = YES;
				CLANG_WARN_OBJC_ROOT_CLASS = YES_ERROR;
				CLANG_WARN_QUOTED_INCLUDE_IN_FRAMEWORK_HEADER = YES;
				CLANG_WARN_RANGE_LOOP_ANALYSIS = YES;
				CLANG_WARN_STRICT_PROTOTYPES = YES;
				CLANG_WARN_SUSPICIOUS_MOVE = YES;
				CLANG_WARN_UNGUARDED_AVAILABILITY = YES_AGGRESSIVE;
				CLANG_WARN_UNREACHABLE_CODE = YES;
				CLANG_WARN__DUPLICATE_METHOD_MATCH = YES;
				COPY_PHASE_STRIP = NO;
				DEBUG_INFORMATION_FORMAT = "dwarf-with-dsym";
				ENABLE_NS_ASSERTIONS = NO;
				ENABLE_STRICT_OBJC_MSGSEND = YES;
				ENABLE_USER_SCRIPT_SANDBOXING = YES;
				GCC_C_LANGUAGE_STANDARD = gnu17;
				GCC_NO_COMMON_BLOCKS = YES;
				GCC_WARN_64_TO_32_BIT_CONVERSION = YES;
				GCC_WARN_ABOUT_RETURN_TYPE = YES_ERROR;
				GCC_WARN_UNDECLARED_SELECTOR = YES;
				GCC_WARN_UNINITIALIZED_AUTOS = YES_AGGRESSIVE;
				GCC_WARN_UNUSED_FUNCTION = YES;
				GCC_WARN_UNUSED_VARIABLE = YES;
				IPHONEOS_DEPLOYMENT_TARGET = 17.2;
				LOCALIZATION_PREFERS_STRING_CATALOGS = YES;
				MTL_ENABLE_DEBUG_INFO = NO;
				MTL_FAST_MATH = YES;
				SDKROOT = iphoneos;
				SWIFT_COMPILATION_MODE = wholemodule;
				VALIDATE_PRODUCT = YES;
			};
			name = Release;
		};
		3A05B8DE2B7A7F3D00C9CB8A /* Debug */ = {
			isa = XCBuildConfiguration;
			buildSettings = {
				ASSETCATALOG_COMPILER_APPICON_NAME = AppIcon;
				ASSETCATALOG_COMPILER_GLOBAL_ACCENT_COLOR_NAME = AccentColor;
				CODE_SIGN_STYLE = Automatic;
				CURRENT_PROJECT_VERSION = 1;
				DEVELOPMENT_TEAM = 8HP4B7768D;
				GENERATE_INFOPLIST_FILE = YES;
				INFOPLIST_FILE = NeoTour/App/Info.plist;
				INFOPLIST_KEY_UIApplicationSupportsIndirectInputEvents = YES;
				INFOPLIST_KEY_UILaunchStoryboardName = LaunchScreen;
				INFOPLIST_KEY_UISupportedInterfaceOrientations = UIInterfaceOrientationPortrait;
				INFOPLIST_KEY_UISupportedInterfaceOrientations_iPad = "UIInterfaceOrientationLandscapeLeft UIInterfaceOrientationLandscapeRight UIInterfaceOrientationPortrait UIInterfaceOrientationPortraitUpsideDown";
				LD_RUNPATH_SEARCH_PATHS = (
					"$(inherited)",
					"@executable_path/Frameworks",
				);
				MARKETING_VERSION = 1.0;
				PRODUCT_BUNDLE_IDENTIFIER = com.Kamalios.NeoTour;
				PRODUCT_NAME = "$(TARGET_NAME)";
				SUPPORTED_PLATFORMS = "iphoneos iphonesimulator";
				SUPPORTS_MACCATALYST = NO;
				SUPPORTS_MAC_DESIGNED_FOR_IPHONE_IPAD = NO;
				SWIFT_EMIT_LOC_STRINGS = YES;
				SWIFT_VERSION = 5.0;
				TARGETED_DEVICE_FAMILY = 1;
			};
			name = Debug;
		};
		3A05B8DF2B7A7F3D00C9CB8A /* Release */ = {
			isa = XCBuildConfiguration;
			buildSettings = {
				ASSETCATALOG_COMPILER_APPICON_NAME = AppIcon;
				ASSETCATALOG_COMPILER_GLOBAL_ACCENT_COLOR_NAME = AccentColor;
				CODE_SIGN_STYLE = Automatic;
				CURRENT_PROJECT_VERSION = 1;
				DEVELOPMENT_TEAM = 8HP4B7768D;
				GENERATE_INFOPLIST_FILE = YES;
				INFOPLIST_FILE = NeoTour/App/Info.plist;
				INFOPLIST_KEY_UIApplicationSupportsIndirectInputEvents = YES;
				INFOPLIST_KEY_UILaunchStoryboardName = LaunchScreen;
				INFOPLIST_KEY_UISupportedInterfaceOrientations = UIInterfaceOrientationPortrait;
				INFOPLIST_KEY_UISupportedInterfaceOrientations_iPad = "UIInterfaceOrientationLandscapeLeft UIInterfaceOrientationLandscapeRight UIInterfaceOrientationPortrait UIInterfaceOrientationPortraitUpsideDown";
				LD_RUNPATH_SEARCH_PATHS = (
					"$(inherited)",
					"@executable_path/Frameworks",
				);
				MARKETING_VERSION = 1.0;
				PRODUCT_BUNDLE_IDENTIFIER = com.Kamalios.NeoTour;
				PRODUCT_NAME = "$(TARGET_NAME)";
				SUPPORTED_PLATFORMS = "iphoneos iphonesimulator";
				SUPPORTS_MACCATALYST = NO;
				SUPPORTS_MAC_DESIGNED_FOR_IPHONE_IPAD = NO;
				SWIFT_EMIT_LOC_STRINGS = YES;
				SWIFT_VERSION = 5.0;
				TARGETED_DEVICE_FAMILY = 1;
			};
			name = Release;
		};
/* End XCBuildConfiguration section */

/* Begin XCConfigurationList section */
		3A05B8C42B7A7F3C00C9CB8A /* Build configuration list for PBXProject "NeoTour" */ = {
			isa = XCConfigurationList;
			buildConfigurations = (
				3A05B8DB2B7A7F3D00C9CB8A /* Debug */,
				3A05B8DC2B7A7F3D00C9CB8A /* Release */,
			);
			defaultConfigurationIsVisible = 0;
			defaultConfigurationName = Release;
		};
		3A05B8DD2B7A7F3D00C9CB8A /* Build configuration list for PBXNativeTarget "NeoTour" */ = {
			isa = XCConfigurationList;
			buildConfigurations = (
				3A05B8DE2B7A7F3D00C9CB8A /* Debug */,
				3A05B8DF2B7A7F3D00C9CB8A /* Release */,
			);
			defaultConfigurationIsVisible = 0;
			defaultConfigurationName = Release;
		};
/* End XCConfigurationList section */
	};
	rootObject = 3A05B8C12B7A7F3C00C9CB8A /* Project object */;
}
